
Microsoft Visual Studio Solution File, Format Version 12.00
# Visual Studio Version 17
VisualStudioVersion = 17.9.34714.143
MinimumVisualStudioVersion = 10.0.40219.1
Project("{9A19103F-16F7-4668-BE54-9A1E7A4F7556}") = "3. CashManiaAPI", "3. CashManiaAPI\3. CashManiaAPI.csproj", "{61373358-4C6B-4CA5-B7E8-EBCBDC5C1B06}"
EndProject
Project("{9A19103F-16F7-4668-BE54-9A1E7A4F7556}") = "1. CashManiaAPI.Data", "1. CashManiaAPI.Data\1. CashManiaAPI.Data.csproj", "{2C5025F3-ED87-42D5-BC7D-20D748C60A46}"
EndProject
Project("{9A19103F-16F7-4668-BE54-9A1E7A4F7556}") = "2. CashManiaAPI.Services", "2. CashManiaAPI.Services\2. CashManiaAPI.Services.csproj", "{F2C2F7C6-8A68-4426-9863-446EEA30F2C7}"
EndProject
Project("{9A19103F-16F7-4668-BE54-9A1E7A4F7556}") = "0. CashManiaAPI.Commons", "0. CashManiaAPI.Commons\0. CashManiaAPI.Commons.csproj", "{23FD4982-5BF2-4258-87D2-9360D14AAC7B}"
EndProject
Project("{FAE04EC0-301F-11D3-BF4B-00C04F79EFBC}") = "CashManiaAPI.Tests", "CashManiaAPI.Tests\CashManiaAPI.Tests.csproj", "{B1A9DB18-1928-4D2E-BB5E-CE679C3A1BAE}"
EndProject
Global
	GlobalSection(SolutionConfigurationPlatforms) = preSolution
		Debug|Any CPU = Debug|Any CPU
		Release|Any CPU = Release|Any CPU
	EndGlobalSection
	GlobalSection(ProjectConfigurationPlatforms) = postSolution
		{61373358-4C6B-4CA5-B7E8-EBCBDC5C1B06}.Debug|Any CPU.ActiveCfg = Debug|Any CPU
		{61373358-4C6B-4CA5-B7E8-EBCBDC5C1B06}.Debug|Any CPU.Build.0 = Debug|Any CPU
		{61373358-4C6B-4CA5-B7E8-EBCBDC5C1B06}.Release|Any CPU.ActiveCfg = Release|Any CPU
		{61373358-4C6B-4CA5-B7E8-EBCBDC5C1B06}.Release|Any CPU.Build.0 = Release|Any CPU
		{2C5025F3-ED87-42D5-BC7D-20D748C60A46}.Debug|Any CPU.ActiveCfg = Debug|Any CPU
		{2C5025F3-ED87-42D5-BC7D-20D748C60A46}.Debug|Any CPU.Build.0 = Debug|Any CPU
		{2C5025F3-ED87-42D5-BC7D-20D748C60A46}.Release|Any CPU.ActiveCfg = Release|Any CPU
		{2C5025F3-ED87-42D5-BC7D-20D748C60A46}.Release|Any CPU.Build.0 = Release|Any CPU
		{F2C2F7C6-8A68-4426-9863-446EEA30F2C7}.Debug|Any CPU.ActiveCfg = Debug|Any CPU
		{F2C2F7C6-8A68-4426-9863-446EEA30F2C7}.Debug|Any CPU.Build.0 = Debug|Any CPU
		{F2C2F7C6-8A68-4426-9863-446EEA30F2C7}.Release|Any CPU.ActiveCfg = Release|Any CPU
		{F2C2F7C6-8A68-4426-9863-446EEA30F2C7}.Release|Any CPU.Build.0 = Release|Any CPU
		{23FD4982-5BF2-4258-87D2-9360D14AAC7B}.Debug|Any CPU.ActiveCfg = Debug|Any CPU
		{23FD4982-5BF2-4258-87D2-9360D14AAC7B}.Debug|Any CPU.Build.0 = Debug|Any CPU
		{23FD4982-5BF2-4258-87D2-9360D14AAC7B}.Release|Any CPU.ActiveCfg = Release|Any CPU
		{23FD4982-5BF2-4258-87D2-9360D14AAC7B}.Release|Any CPU.Build.0 = Release|Any CPU
		{B1A9DB18-1928-4D2E-BB5E-CE679C3A1BAE}.Debug|Any CPU.ActiveCfg = Debug|Any CPU
		{B1A9DB18-1928-4D2E-BB5E-CE679C3A1BAE}.Debug|Any CPU.Build.0 = Debug|Any CPU
		{B1A9DB18-1928-4D2E-BB5E-CE679C3A1BAE}.Release|Any CPU.ActiveCfg = Release|Any CPU
		{B1A9DB18-1928-4D2E-BB5E-CE679C3A1BAE}.Release|Any CPU.Build.0 = Release|Any CPU
	EndGlobalSection
	GlobalSection(SolutionProperties) = preSolution
		HideSolutionNode = FALSE
	EndGlobalSection
	GlobalSection(ExtensibilityGlobals) = postSolution
		SolutionGuid = {B33F80E1-BCBA-4767-96FB-16E765808BE6}
	EndGlobalSection
EndGlobal
